
Microsoft Visual Studio Solution File, Format Version 12.00
Project("{FAE04EC0-301F-11D3-BF4B-00C04F79EFBC}") = "LogStack", "LogStack\LogStack.csproj", "{B6673D21-B3C6-4BB2-AB03-F8A19E0C64EB}"
EndProject
Global
	GlobalSection(SolutionConfigurationPlatforms) = preSolution
		Debug|Any CPU = Debug|Any CPU
		Release|Any CPU = Release|Any CPU
	EndGlobalSection
	GlobalSection(ProjectConfigurationPlatforms) = postSolution
		{B6673D21-B3C6-4BB2-AB03-F8A19E0C64EB}.Debug|Any CPU.ActiveCfg = Debug|Any CPU
		{B6673D21-B3C6-4BB2-AB03-F8A19E0C64EB}.Debug|Any CPU.Build.0 = Debug|Any CPU
		{B6673D21-B3C6-4BB2-AB03-F8A19E0C64EB}.Release|Any CPU.ActiveCfg = Release|Any CPU
		{B6673D21-B3C6-4BB2-AB03-F8A19E0C64EB}.Release|Any CPU.Build.0 = Release|Any CPU
	EndGlobalSection
EndGlobal
